
Microsoft Visual Studio Solution File, Format Version 12.00
# Visual Studio Version 17
VisualStudioVersion = 17.10.35027.167
MinimumVisualStudioVersion = 10.0.40219.1
Project("{FAE04EC0-301F-11D3-BF4B-00C04F79EFBC}") = "Test", "Test\Test.csproj", "{AD9011C3-83FE-4A24-9A1B-6C93ACE55B93}"
EndProject
Global
	GlobalSection(SolutionConfigurationPlatforms) = preSolution
		Debug|Any CPU = Debug|Any CPU
		Release|Any CPU = Release|Any CPU
	EndGlobalSection
	GlobalSection(ProjectConfigurationPlatforms) = postSolution
		{AD9011C3-83FE-4A24-9A1B-6C93ACE55B93}.Debug|Any CPU.ActiveCfg = Debug|Any CPU
		{AD9011C3-83FE-4A24-9A1B-6C93ACE55B93}.Debug|Any CPU.Build.0 = Debug|Any CPU
		{AD9011C3-83FE-4A24-9A1B-6C93ACE55B93}.Release|Any CPU.ActiveCfg = Release|Any CPU
		{AD9011C3-83FE-4A24-9A1B-6C93ACE55B93}.Release|Any CPU.Build.0 = Release|Any CPU
	EndGlobalSection
	GlobalSection(SolutionProperties) = preSolution
		HideSolutionNode = FALSE
	EndGlobalSection
	GlobalSection(ExtensibilityGlobals) = postSolution
		SolutionGuid = {54C14176-EF6F-4FB0-AC6A-FC1E035DB8A4}
	EndGlobalSection
EndGlobal
